{
  "name": "point_viewer",
  "version": "0.1.0",
  "lockfileVersion": 1,
  "requires": true,
  "dependencies": {
    "@types/dat-gui": {
      "version": "0.6.1",
      "resolved": "https://registry.npmjs.org/@types/dat-gui/-/dat-gui-0.6.1.tgz",
      "integrity": "sha1-ctq2z9yB1aFR3/yjDCaS8rriYN8="
    },
    "@types/three": {
      "version": "0.0.27",
      "resolved": "http://registry.npmjs.org/@types/three/-/three-0.0.27.tgz",
      "integrity": "sha1-CV2GqaS7tKRcKBcFDkK4uKqD1Bc=",
      "requires": {
        "@types/webvr-api": "0.0.35"
      }
    },
    "@types/webvr-api": {
      "version": "0.0.35",
      "resolved": "https://registry.npmjs.org/@types/webvr-api/-/webvr-api-0.0.35.tgz",
      "integrity": "sha512-jdpJqweU5v7hYwUlHKQU6wzjQvUfBfmTz4WBwVd/5PVGYalKm6YbEnM/3T+M+QzRYf2R/ojBGnrWpjHBZFR3Og=="
    },
    "dat-gui": {
      "version": "0.5.0",
      "resolved": "https://registry.npmjs.org/dat-gui/-/dat-gui-0.5.0.tgz",
      "integrity": "sha1-EhLag2EJdH0KwiC617B8F9qgNYM="
    },
    "prettier": {
      "version": "1.10.2",
      "resolved": "https://registry.npmjs.org/prettier/-/prettier-1.10.2.tgz",
      "integrity": "sha512-TcdNoQIWFoHblurqqU6d1ysopjq7UX0oRcT/hJ8qvBAELiYWn+Ugf0AXdnzISEJ7vuhNnQ98N8jR8Sh53x4IZg=="
    },
    "three": {
      "version": "0.83.0",
      "resolved": "http://registry.npmjs.org/three/-/three-0.83.0.tgz",
      "integrity": "sha1-O3+UeQrz4CHawfRKJhdWnKIDKws="
    },
    "typescript": {
      "version": "2.7.2",
      "resolved": "http://registry.npmjs.org/typescript/-/typescript-2.7.2.tgz",
      "integrity": "sha512-p5TCYZDAO0m4G344hD+wx/LATebLWZNkkh2asWUFqSsD2OrDNhbAHuSjobrmsUmdzjJjEeZVU9g1h3O6vpstnw=="
    }
  }
}
