{
  "name": "xray",
  "version": "0.1.0",
  "lockfileVersion": 1,
  "requires": true,
  "dependencies": {
    "@types/commander": {
      "version": "2.12.2",
      "resolved": "https://registry.npmjs.org/@types/commander/-/commander-2.12.2.tgz",
      "integrity": "sha512-0QEFiR8ljcHp9bAbWxecjVRuAMr16ivPiGOw6KFQBVrVd0RQIcM3xKdRisH2EDWgVWujiYtHwhSkSUoAAGzH7Q==",
      "requires": {
        "commander": "2.13.0"
      }
    },
    "@types/semver": {
      "version": "5.4.0",
      "resolved": "https://registry.npmjs.org/@types/semver/-/semver-5.4.0.tgz",
      "integrity": "sha512-PBHCvO98hNec9A491vBbh0ZNDOVxccwKL1u2pm6fs9oDgm7SEnw0lEHqHfjsYryDxnE3zaf7LvERWEXjOp1hig=="
    },
    "@types/three": {
      "version": "0.89.0",
      "resolved": "https://registry.npmjs.org/@types/three/-/three-0.89.0.tgz",
      "integrity": "sha512-Qr6JLxxu2MQkE1CUXI+6xk3klMH/QSBoNiniud/smgFDUTMPBfWfFEQcT7rwv5rO5Nsm6sd7ePRLsdBcx2V3Hw==",
      "requires": {
        "@types/webvr-api": "0.0.31"
      }
    },
    "@types/webvr-api": {
      "version": "0.0.31",
      "resolved": "https://registry.npmjs.org/@types/webvr-api/-/webvr-api-0.0.31.tgz",
      "integrity": "sha1-9gYf6IoDXTSotqDFX4dYkB7IoI4="
    },
    "commander": {
      "version": "2.13.0",
      "resolved": "https://registry.npmjs.org/commander/-/commander-2.13.0.tgz",
      "integrity": "sha512-MVuS359B+YzaWqjCL/c+22gfryv+mCBPHAv3zyVI2GN8EY6IRP8VwtasXn8jyyhvvq84R4ImN1OKRtcbIasjYA=="
    },
    "commandpost": {
      "version": "1.3.0",
      "resolved": "https://registry.npmjs.org/commandpost/-/commandpost-1.3.0.tgz",
      "integrity": "sha512-T62tyrmYTkaRDbV2z1k2yXTyxk0cFptXYwo1cUbnfHtp7ThLgQ9/90jG1Ym5WLZgFhvOTaHA5VSARWJ9URpLDw=="
    },
    "editorconfig": {
      "version": "0.15.0",
      "resolved": "https://registry.npmjs.org/editorconfig/-/editorconfig-0.15.0.tgz",
      "integrity": "sha512-j7JBoj/bpNzvoTQylfRZSc85MlLNKWQiq5y6gwKhmqD2h1eZ+tH4AXbkhEJD468gjDna/XMx2YtSkCxBRX9OGg==",
      "requires": {
        "@types/commander": "2.12.2",
        "@types/semver": "5.4.0",
        "commander": "2.13.0",
        "lru-cache": "4.1.1",
        "semver": "5.5.0",
        "sigmund": "1.0.1"
      }
    },
    "lru-cache": {
      "version": "4.1.1",
      "resolved": "https://registry.npmjs.org/lru-cache/-/lru-cache-4.1.1.tgz",
      "integrity": "sha512-q4spe4KTfsAS1SUHLO0wz8Qiyf1+vMIAgpRYioFYDMNqKfHQbg+AVDH3i4fvpl71/P1L0dBl+fQi+P37UYf0ew==",
      "requires": {
        "pseudomap": "1.0.2",
        "yallist": "2.1.2"
      }
    },
    "pseudomap": {
      "version": "1.0.2",
      "resolved": "https://registry.npmjs.org/pseudomap/-/pseudomap-1.0.2.tgz",
      "integrity": "sha1-8FKijacOYYkX7wqKw0wa5aaChrM="
    },
    "semver": {
      "version": "5.5.0",
      "resolved": "https://registry.npmjs.org/semver/-/semver-5.5.0.tgz",
      "integrity": "sha512-4SJ3dm0WAwWy/NVeioZh5AntkdJoWKxHxcmyP622fOkgHa4z3R0TdBJICINyaSDE6uNwVc8gZr+ZinwZAH4xIA=="
    },
    "sigmund": {
      "version": "1.0.1",
      "resolved": "https://registry.npmjs.org/sigmund/-/sigmund-1.0.1.tgz",
      "integrity": "sha1-P/IfGYytIXX587eBhT/ZTQ0ZtZA="
    },
    "three": {
      "version": "0.89.0",
      "resolved": "https://registry.npmjs.org/three/-/three-0.89.0.tgz",
      "integrity": "sha1-RELYGaYWiHG40ss3rRKiQxDBcPU="
    },
    "typescript": {
      "version": "2.7.1",
      "resolved": "https://registry.npmjs.org/typescript/-/typescript-2.7.1.tgz",
      "integrity": "sha512-bqB1yS6o9TNA9ZC/MJxM0FZzPnZdtHj0xWK/IZ5khzVqdpGul/R/EIiHRgFXlwTD7PSIaYVnGKq1QgMCu2mnqw=="
    },
    "typescript-formatter": {
      "version": "7.0.1",
      "resolved": "https://registry.npmjs.org/typescript-formatter/-/typescript-formatter-7.0.1.tgz",
      "integrity": "sha512-OIp8HfBsjFT/gS5JHlMBn1BNh9cRH66/07lzYjtAApjhN5Utwcjq3EB0zIQvNhQfQmOWlJvPGFZTXIunYy+btg==",
      "requires": {
        "commandpost": "1.3.0",
        "editorconfig": "0.15.0"
      }
    },
    "yallist": {
      "version": "2.1.2",
      "resolved": "https://registry.npmjs.org/yallist/-/yallist-2.1.2.tgz",
      "integrity": "sha1-HBH5IY8HYImkfdUS+TxmmaaoHVI="
    }
  }
}
