{
  "name": "point_viewer",
  "version": "0.1.0",
  "lockfileVersion": 1,
  "requires": true,
  "dependencies": {
    "@types/dat-gui": {
      "version": "0.6.1",
      "resolved": "https://registry.npmjs.org/@types/dat-gui/-/dat-gui-0.6.1.tgz",
      "integrity": "sha1-ctq2z9yB1aFR3/yjDCaS8rriYN8="
    },
    "@types/three": {
      "version": "0.0.27",
      "resolved": "https://registry.npmjs.org/@types/three/-/three-0.0.27.tgz",
      "integrity": "sha1-CV2GqaS7tKRcKBcFDkK4uKqD1Bc=",
      "requires": {
        "@types/webvr-api": "0.0.31"
      }
    },
    "@types/webvr-api": {
      "version": "0.0.31",
      "resolved": "https://registry.npmjs.org/@types/webvr-api/-/webvr-api-0.0.31.tgz",
      "integrity": "sha1-9gYf6IoDXTSotqDFX4dYkB7IoI4="
    },
    "dat-gui": {
      "version": "0.5.0",
      "resolved": "https://registry.npmjs.org/dat-gui/-/dat-gui-0.5.0.tgz",
      "integrity": "sha1-EhLag2EJdH0KwiC617B8F9qgNYM="
    },
    "three": {
      "version": "0.83.0",
      "resolved": "https://registry.npmjs.org/three/-/three-0.83.0.tgz",
      "integrity": "sha1-O3+UeQrz4CHawfRKJhdWnKIDKws="
    },
    "typescript": {
      "version": "2.6.2",
      "resolved": "https://registry.npmjs.org/typescript/-/typescript-2.6.2.tgz",
      "integrity": "sha1-PFtv1/beCRQmkCfwPAlGdY92c6Q="
    }
  }
}
